{
  "name": "regression",
  "version": "1.0.0",
  "lockfileVersion": 2,
  "requires": true,
  "packages": {
    "": {
      "version": "1.0.0",
      "license": "ISC",
      "dependencies": {
        "matrix-js": "^1.6.0"
      }
    },
    "node_modules/matrix-js": {
      "version": "1.6.0",
      "resolved": "https://registry.npmjs.org/matrix-js/-/matrix-js-1.6.0.tgz",
      "integrity": "sha512-Eh84uUoqRY8dQK2jkmqDk+wVZ8uItqgueaHzGu1RA5FEGpkMAV/93ndOcblmD67t6qIyKFpVn9wowwTYZi+qIQ=="
    }
  },
  "dependencies": {
    "matrix-js": {
      "version": "1.6.0",
      "resolved": "https://registry.npmjs.org/matrix-js/-/matrix-js-1.6.0.tgz",
      "integrity": "sha512-Eh84uUoqRY8dQK2jkmqDk+wVZ8uItqgueaHzGu1RA5FEGpkMAV/93ndOcblmD67t6qIyKFpVn9wowwTYZi+qIQ=="
    }
  }
}
